
Microsoft Visual Studio Solution File, Format Version 10.00
# Visual Studio 2008
Project("{FAE04EC0-301F-11D3-BF4B-00C04F79EFBC}") = "Rhino.Queues", "Rhino.Queues\Rhino.Queues.csproj", "{398BF580-41F5-418E-A017-19D19B289A97}"
EndProject
Project("{FAE04EC0-301F-11D3-BF4B-00C04F79EFBC}") = "Rhino.Queues.Tests", "Rhino.Queues.Tests\Rhino.Queues.Tests.csproj", "{98D394CA-9FEF-49AD-8DAB-FE039152E001}"
EndProject
Project("{FAE04EC0-301F-11D3-BF4B-00C04F79EFBC}") = "Rhino.Queues.Visualizer", "Rhino.Queues.Visualizer\Rhino.Queues.Visualizer.csproj", "{344CDEE2-1D21-4ADA-8D49-AE2C1EB8D05B}"
EndProject
Global
	GlobalSection(SolutionConfigurationPlatforms) = preSolution
		Debug|Any CPU = Debug|Any CPU
		Release|Any CPU = Release|Any CPU
	EndGlobalSection
	GlobalSection(ProjectConfigurationPlatforms) = postSolution
		{398BF580-41F5-418E-A017-19D19B289A97}.Debug|Any CPU.ActiveCfg = Debug|Any CPU
		{398BF580-41F5-418E-A017-19D19B289A97}.Debug|Any CPU.Build.0 = Debug|Any CPU
		{398BF580-41F5-418E-A017-19D19B289A97}.Release|Any CPU.ActiveCfg = Release|Any CPU
		{398BF580-41F5-418E-A017-19D19B289A97}.Release|Any CPU.Build.0 = Release|Any CPU
		{98D394CA-9FEF-49AD-8DAB-FE039152E001}.Debug|Any CPU.ActiveCfg = Debug|Any CPU
		{98D394CA-9FEF-49AD-8DAB-FE039152E001}.Debug|Any CPU.Build.0 = Debug|Any CPU
		{98D394CA-9FEF-49AD-8DAB-FE039152E001}.Release|Any CPU.ActiveCfg = Release|Any CPU
		{98D394CA-9FEF-49AD-8DAB-FE039152E001}.Release|Any CPU.Build.0 = Release|Any CPU
		{344CDEE2-1D21-4ADA-8D49-AE2C1EB8D05B}.Debug|Any CPU.ActiveCfg = Debug|Any CPU
		{344CDEE2-1D21-4ADA-8D49-AE2C1EB8D05B}.Debug|Any CPU.Build.0 = Debug|Any CPU
		{344CDEE2-1D21-4ADA-8D49-AE2C1EB8D05B}.Release|Any CPU.ActiveCfg = Release|Any CPU
		{344CDEE2-1D21-4ADA-8D49-AE2C1EB8D05B}.Release|Any CPU.Build.0 = Release|Any CPU
	EndGlobalSection
	GlobalSection(SolutionProperties) = preSolution
		HideSolutionNode = FALSE
	EndGlobalSection
EndGlobal
